{
  "object": {
    "pins": [
      {
        "package": "Mockingbird",
        "repositoryURL": "https://github.com/birdrides/mockingbird",
        "state": {
          "branch": null,
          "revision": "3adde74fee6ded87a731977487135aa47cfcbe13",
          "version": "0.19.2"
        }
      },
      {
        "package": "Quick",
        "repositoryURL": "https://github.com/Quick/Quick",
        "state": {
          "branch": null,
          "revision": "f9d519828bb03dfc8125467d8f7b93131951124c",
          "version": "5.0.1"
        }
      }
    ]
  },
  "version": 1
}
